
Microsoft Visual Studio Solution File, Format Version 12.00
# Visual Studio Version 16
VisualStudioVersion = 16.0.30011.22
MinimumVisualStudioVersion = 10.0.40219.1
Project("{FAE04EC0-301F-11D3-BF4B-00C04F79EFBC}") = "CleanXF.Mobile.Android", "CleanXF.Mobile\CleanXF.Mobile.Android\CleanXF.Mobile.Android.csproj", "{4D3A3199-1778-48ED-A5D8-FA7155CEC4F3}"
EndProject
Project("{FAE04EC0-301F-11D3-BF4B-00C04F79EFBC}") = "CleanXF.Mobile.iOS", "CleanXF.Mobile\CleanXF.Mobile.iOS\CleanXF.Mobile.iOS.csproj", "{FD567C51-578E-426C-BE84-BB42E593C54E}"
EndProject
Project("{FAE04EC0-301F-11D3-BF4B-00C04F79EFBC}") = "CleanXF.Mobile", "CleanXF.Mobile\CleanXF.Mobile\CleanXF.Mobile.csproj", "{499B2650-0B09-401E-98EA-1ABE27BF4661}"
EndProject
Global
	GlobalSection(SolutionConfigurationPlatforms) = preSolution
		Debug|Any CPU = Debug|Any CPU
		Debug|iPhone = Debug|iPhone
		Debug|iPhoneSimulator = Debug|iPhoneSimulator
		Release|Any CPU = Release|Any CPU
		Release|iPhone = Release|iPhone
		Release|iPhoneSimulator = Release|iPhoneSimulator
	EndGlobalSection
	GlobalSection(ProjectConfigurationPlatforms) = postSolution
		{4D3A3199-1778-48ED-A5D8-FA7155CEC4F3}.Debug|Any CPU.ActiveCfg = Debug|Any CPU
		{4D3A3199-1778-48ED-A5D8-FA7155CEC4F3}.Debug|Any CPU.Build.0 = Debug|Any CPU
		{4D3A3199-1778-48ED-A5D8-FA7155CEC4F3}.Debug|Any CPU.Deploy.0 = Debug|Any CPU
		{4D3A3199-1778-48ED-A5D8-FA7155CEC4F3}.Debug|iPhone.ActiveCfg = Debug|Any CPU
		{4D3A3199-1778-48ED-A5D8-FA7155CEC4F3}.Debug|iPhone.Build.0 = Debug|Any CPU
		{4D3A3199-1778-48ED-A5D8-FA7155CEC4F3}.Debug|iPhone.Deploy.0 = Debug|Any CPU
		{4D3A3199-1778-48ED-A5D8-FA7155CEC4F3}.Debug|iPhoneSimulator.ActiveCfg = Debug|Any CPU
		{4D3A3199-1778-48ED-A5D8-FA7155CEC4F3}.Debug|iPhoneSimulator.Build.0 = Debug|Any CPU
		{4D3A3199-1778-48ED-A5D8-FA7155CEC4F3}.Debug|iPhoneSimulator.Deploy.0 = Debug|Any CPU
		{4D3A3199-1778-48ED-A5D8-FA7155CEC4F3}.Release|Any CPU.ActiveCfg = Release|Any CPU
		{4D3A3199-1778-48ED-A5D8-FA7155CEC4F3}.Release|Any CPU.Build.0 = Release|Any CPU
		{4D3A3199-1778-48ED-A5D8-FA7155CEC4F3}.Release|Any CPU.Deploy.0 = Release|Any CPU
		{4D3A3199-1778-48ED-A5D8-FA7155CEC4F3}.Release|iPhone.ActiveCfg = Release|Any CPU
		{4D3A3199-1778-48ED-A5D8-FA7155CEC4F3}.Release|iPhone.Build.0 = Release|Any CPU
		{4D3A3199-1778-48ED-A5D8-FA7155CEC4F3}.Release|iPhone.Deploy.0 = Release|Any CPU
		{4D3A3199-1778-48ED-A5D8-FA7155CEC4F3}.Release|iPhoneSimulator.ActiveCfg = Release|Any CPU
		{4D3A3199-1778-48ED-A5D8-FA7155CEC4F3}.Release|iPhoneSimulator.Build.0 = Release|Any CPU
		{4D3A3199-1778-48ED-A5D8-FA7155CEC4F3}.Release|iPhoneSimulator.Deploy.0 = Release|Any CPU
		{FD567C51-578E-426C-BE84-BB42E593C54E}.Debug|Any CPU.ActiveCfg = Debug|iPhone
		{FD567C51-578E-426C-BE84-BB42E593C54E}.Debug|iPhone.ActiveCfg = Debug|iPhone
		{FD567C51-578E-426C-BE84-BB42E593C54E}.Debug|iPhone.Build.0 = Debug|iPhone
		{FD567C51-578E-426C-BE84-BB42E593C54E}.Debug|iPhoneSimulator.ActiveCfg = Debug|iPhoneSimulator
		{FD567C51-578E-426C-BE84-BB42E593C54E}.Debug|iPhoneSimulator.Build.0 = Debug|iPhoneSimulator
		{FD567C51-578E-426C-BE84-BB42E593C54E}.Release|Any CPU.ActiveCfg = Release|iPhone
		{FD567C51-578E-426C-BE84-BB42E593C54E}.Release|iPhone.ActiveCfg = Release|iPhone
		{FD567C51-578E-426C-BE84-BB42E593C54E}.Release|iPhone.Build.0 = Release|iPhone
		{FD567C51-578E-426C-BE84-BB42E593C54E}.Release|iPhoneSimulator.ActiveCfg = Release|iPhoneSimulator
		{FD567C51-578E-426C-BE84-BB42E593C54E}.Release|iPhoneSimulator.Build.0 = Release|iPhoneSimulator
		{499B2650-0B09-401E-98EA-1ABE27BF4661}.Debug|Any CPU.ActiveCfg = Debug|Any CPU
		{499B2650-0B09-401E-98EA-1ABE27BF4661}.Debug|Any CPU.Build.0 = Debug|Any CPU
		{499B2650-0B09-401E-98EA-1ABE27BF4661}.Debug|iPhone.ActiveCfg = Debug|Any CPU
		{499B2650-0B09-401E-98EA-1ABE27BF4661}.Debug|iPhone.Build.0 = Debug|Any CPU
		{499B2650-0B09-401E-98EA-1ABE27BF4661}.Debug|iPhoneSimulator.ActiveCfg = Debug|Any CPU
		{499B2650-0B09-401E-98EA-1ABE27BF4661}.Debug|iPhoneSimulator.Build.0 = Debug|Any CPU
		{499B2650-0B09-401E-98EA-1ABE27BF4661}.Release|Any CPU.ActiveCfg = Release|Any CPU
		{499B2650-0B09-401E-98EA-1ABE27BF4661}.Release|Any CPU.Build.0 = Release|Any CPU
		{499B2650-0B09-401E-98EA-1ABE27BF4661}.Release|iPhone.ActiveCfg = Release|Any CPU
		{499B2650-0B09-401E-98EA-1ABE27BF4661}.Release|iPhone.Build.0 = Release|Any CPU
		{499B2650-0B09-401E-98EA-1ABE27BF4661}.Release|iPhoneSimulator.ActiveCfg = Release|Any CPU
		{499B2650-0B09-401E-98EA-1ABE27BF4661}.Release|iPhoneSimulator.Build.0 = Release|Any CPU
	EndGlobalSection
	GlobalSection(SolutionProperties) = preSolution
		HideSolutionNode = FALSE
	EndGlobalSection
	GlobalSection(ExtensibilityGlobals) = postSolution
		SolutionGuid = {62B387CC-2A7E-4A6A-8FF4-1B371EEE263B}
	EndGlobalSection
EndGlobal
